// !$*UTF8*$!
{
	archiveVersion = 1;
	classes = {
	};
	objectVersion = 46;
	objects = {

/* Begin PBXBuildFile section */
		22C896651D41D2790092F652 /* AppDelegate.swift in Sources */ = {isa = PBXBuildFile; fileRef = 22C896641D41D2790092F652 /* AppDelegate.swift */; };
		22C896671D41D2790092F652 /* ViewController.swift in Sources */ = {isa = PBXBuildFile; fileRef = 22C896661D41D2790092F652 /* ViewController.swift */; };
		22C8966A1D41D2790092F652 /* Main.storyboard in Resources */ = {isa = PBXBuildFile; fileRef = 22C896681D41D2790092F652 /* Main.storyboard */; };
		22C8966C1D41D2790092F652 /* Assets.xcassets in Resources */ = {isa = PBXBuildFile; fileRef = 22C8966B1D41D2790092F652 /* Assets.xcassets */; };
		22C8966F1D41D2790092F652 /* LaunchScreen.storyboard in Resources */ = {isa = PBXBuildFile; fileRef = 22C8966D1D41D2790092F652 /* LaunchScreen.storyboard */; };
/* End PBXBuildFile section */

/* Begin PBXFileReference section */
		22C896611D41D2790092F652 /* superCool.app */ = {isa = PBXFileReference; explicitFileType = wrapper.application; includeInIndex = 0; path = superCool.app; sourceTree = BUILT_PRODUCTS_DIR; };
		22C896641D41D2790092F652 /* AppDelegate.swift */ = {isa = PBXFileReference; lastKnownFileType = sourcecode.swift; path = AppDelegate.swift; sourceTree = "<group>"; };
		22C896661D41D2790092F652 /* ViewController.swift */ = {isa = PBXFileReference; lastKnownFileType = sourcecode.swift; path = ViewController.swift; sourceTree = "<group>"; };
		22C896691D41D2790092F652 /* Base */ = {isa = PBXFileReference; lastKnownFileType = file.storyboard; name = Base; path = Base.lproj/Main.storyboard; sourceTree = "<group>"; };
		22C8966B1D41D2790092F652 /* Assets.xcassets */ = {isa = PBXFileReference; lastKnownFileType = folder.assetcatalog; path = Assets.xcassets; sourceTree = "<group>"; };
		22C8966E1D41D2790092F652 /* Base */ = {isa = PBXFileReference; lastKnownFileType = file.storyboard; name = Base; path = Base.lproj/LaunchScreen.storyboard; sourceTree = "<group>"; };
		22C896701D41D2790092F652 /* Info.plist */ = {isa = PBXFileReference; lastKnownFileType = text.plist.xml; path = Info.plist; sourceTree = "<group>"; };
/* End PBXFileReference section */

/* Begin PBXFrameworksBuildPhase section */
		22C8965E1D41D2790092F652 /* Frameworks */ = {
			isa = PBXFrameworksBuildPhase;
			buildActionMask = 2147483647;
			files = (
			);
			runOnlyForDeploymentPostprocessing = 0;
		};
/* End PBXFrameworksBuildPhase section */

/* Begin PBXGroup section */
		22C896581D41D2790092F652 = {
			isa = PBXGroup;
			children = (
				22C896631D41D2790092F652 /* superCool */,
				22C896621D41D2790092F652 /* Products */,
			);
			sourceTree = "<group>";
		};
		22C896621D41D2790092F652 /* Products */ = {
			isa = PBXGroup;
			children = (
				22C896611D41D2790092F652 /* superCool.app */,
			);
			name = Products;
			sourceTree = "<group>";
		};
		22C896631D41D2790092F652 /* superCool */ = {
			isa = PBXGroup;
			children = (
				22C896641D41D2790092F652 /* AppDelegate.swift */,
				22C896661D41D2790092F652 /* ViewController.swift */,
				22C896681D41D2790092F652 /* Main.storyboard */,
				22C8966B1D41D2790092F652 /* Assets.xcassets */,
				22C8966D1D41D2790092F652 /* LaunchScreen.storyboard */,
				22C896701D41D2790092F652 /* Info.plist */,
			);
			path = superCool;
			sourceTree = "<group>";
		};
/* End PBXGroup section */

/* Begin PBXNativeTarget section */
		22C896601D41D2790092F652 /* superCool */ = {
			isa = PBXNativeTarget;
			buildConfigurationList = 22C896731D41D2790092F652 /* Build configuration list for PBXNativeTarget "superCool" */;
			buildPhases = (
				22C8965D1D41D2790092F652 /* Sources */,
				22C8965E1D41D2790092F652 /* Frameworks */,
				22C8965F1D41D2790092F652 /* Resources */,
			);
			buildRules = (
			);
			dependencies = (
			);
			name = superCool;
			productName = superCool;
			productReference = 22C896611D41D2790092F652 /* superCool.app */;
			productType = "com.apple.product-type.application";
		};
/* End PBXNativeTarget section */

/* Begin PBXProject section */
		22C896591D41D2790092F652 /* Project object */ = {
			isa = PBXProject;
			attributes = {
				LastSwiftUpdateCheck = 0800;
				LastUpgradeCheck = 0800;
				ORGANIZATIONNAME = "Sam Darcy";
				TargetAttributes = {
					22C896601D41D2790092F652 = {
						CreatedOnToolsVersion = 8.0;
						ProvisioningStyle = Automatic;
					};
				};
			};
			buildConfigurationList = 22C8965C1D41D2790092F652 /* Build configuration list for PBXProject "superCool" */;
			compatibilityVersion = "Xcode 3.2";
			developmentRegion = English;
			hasScannedForEncodings = 0;
			knownRegions = (
				en,
				Base,
			);
			mainGroup = 22C896581D41D2790092F652;
			productRefGroup = 22C896621D41D2790092F652 /* Products */;
			projectDirPath = "";
			projectRoot = "";
			targets = (
				22C896601D41D2790092F652 /* superCool */,
			);
		};
/* End PBXProject section */

/* Begin PBXResourcesBuildPhase section */
		22C8965F1D41D2790092F652 /* Resources */ = {
			isa = PBXResourcesBuildPhase;
			buildActionMask = 2147483647;
			files = (
				22C8966F1D41D2790092F652 /* LaunchScreen.storyboard in Resources */,
				22C8966C1D41D2790092F652 /* Assets.xcassets in Resources */,
				22C8966A1D41D2790092F652 /* Main.storyboard in Resources */,
			);
			runOnlyForDeploymentPostprocessing = 0;
		};
/* End PBXResourcesBuildPhase section */

/* Begin PBXSourcesBuildPhase section */
		22C8965D1D41D2790092F652 /* Sources */ = {
			isa = PBXSourcesBuildPhase;
			buildActionMask = 2147483647;
			files = (
				22C896671D41D2790092F652 /* ViewController.swift in Sources */,
				22C896651D41D2790092F652 /* AppDelegate.swift in Sources */,
			);
			runOnlyForDeploymentPostprocessing = 0;
		};
/* End PBXSourcesBuildPhase section */

/* Begin PBXVariantGroup section */
		22C896681D41D2790092F652 /* Main.storyboard */ = {
			isa = PBXVariantGroup;
			children = (
				22C896691D41D2790092F652 /* Base */,
			);
			name = Main.storyboard;
			sourceTree = "<group>";
		};
		22C8966D1D41D2790092F652 /* LaunchScreen.storyboard */ = {
			isa = PBXVariantGroup;
			children = (
				22C8966E1D41D2790092F652 /* Base */,
			);
			name = LaunchScreen.storyboard;
			sourceTree = "<group>";
		};
/* End PBXVariantGroup section */

/* Begin XCBuildConfiguration section */
		22C896711D41D2790092F652 /* Debug */ = {
			isa = XCBuildConfiguration;
			buildSettings = {
				ALWAYS_SEARCH_USER_PATHS = NO;
				CLANG_ANALYZER_NONNULL = YES;
				CLANG_CXX_LANGUAGE_STANDARD = "gnu++0x";
				CLANG_CXX_LIBRARY = "libc++";
				CLANG_ENABLE_MODULES = YES;
				CLANG_ENABLE_OBJC_ARC = YES;
				CLANG_WARN_BOOL_CONVERSION = YES;
				CLANG_WARN_CONSTANT_CONVERSION = YES;
				CLANG_WARN_DIRECT_OBJC_ISA_USAGE = YES_ERROR;
				CLANG_WARN_DOCUMENTATION_COMMENTS = YES;
				CLANG_WARN_EMPTY_BODY = YES;
				CLANG_WARN_ENUM_CONVERSION = YES;
				CLANG_WARN_INT_CONVERSION = YES;
				CLANG_WARN_OBJC_ROOT_CLASS = YES_ERROR;
				CLANG_WARN_UNREACHABLE_CODE = YES;
				CLANG_WARN__DUPLICATE_METHOD_MATCH = YES;
				"CODE_SIGN_IDENTITY[sdk=iphoneos*]" = "iPhone Developer";
				COPY_PHASE_STRIP = NO;
				DEBUG_INFORMATION_FORMAT = dwarf;
				ENABLE_STRICT_OBJC_MSGSEND = YES;
				ENABLE_TESTABILITY = YES;
				GCC_C_LANGUAGE_STANDARD = gnu99;
				GCC_DYNAMIC_NO_PIC = NO;
				GCC_NO_COMMON_BLOCKS = YES;
				GCC_OPTIMIZATION_LEVEL = 0;
				GCC_PREPROCESSOR_DEFINITIONS = (
					"DEBUG=1",
					"$(inherited)",
				);
				GCC_WARN_64_TO_32_BIT_CONVERSION = YES;
				GCC_WARN_ABOUT_RETURN_TYPE = YES_ERROR;
				GCC_WARN_UNDECLARED_SELECTOR = YES;
				GCC_WARN_UNINITIALIZED_AUTOS = YES_AGGRESSIVE;
				GCC_WARN_UNUSED_FUNCTION = YES;
				GCC_WARN_UNUSED_VARIABLE = YES;
				IPHONEOS_DEPLOYMENT_TARGET = 10.0;
				MTL_ENABLE_DEBUG_INFO = YES;
				ONLY_ACTIVE_ARCH = YES;
				SDKROOT = iphoneos;
				SWIFT_ACTIVE_COMPILATION_CONDITIONS = DEBUG;
				SWIFT_OPTIMIZATION_LEVEL = "-Onone";
			};
			name = Debug;
		};
		22C896721D41D2790092F652 /* Release */ = {
			isa = XCBuildConfiguration;
			buildSettings = {
				ALWAYS_SEARCH_USER_PATHS = NO;
				CLANG_ANALYZER_NONNULL = YES;
				CLANG_CXX_LANGUAGE_STANDARD = "gnu++0x";
				CLANG_CXX_LIBRARY = "libc++";
				CLANG_ENABLE_MODULES = YES;
				CLANG_ENABLE_OBJC_ARC = YES;
				CLANG_WARN_BOOL_CONVERSION = YES;
				CLANG_WARN_CONSTANT_CONVERSION = YES;
				CLANG_WARN_DIRECT_OBJC_ISA_USAGE = YES_ERROR;
				CLANG_WARN_DOCUMENTATION_COMMENTS = YES;
				CLANG_WARN_EMPTY_BODY = YES;
				CLANG_WARN_ENUM_CONVERSION = YES;
				CLANG_WARN_INT_CONVERSION = YES;
				CLANG_WARN_OBJC_ROOT_CLASS = YES_ERROR;
				CLANG_WARN_UNREACHABLE_CODE = YES;
				CLANG_WARN__DUPLICATE_METHOD_MATCH = YES;
				"CODE_SIGN_IDENTITY[sdk=iphoneos*]" = "iPhone Developer";
				COPY_PHASE_STRIP = NO;
				DEBUG_INFORMATION_FORMAT = "dwarf-with-dsym";
				ENABLE_NS_ASSERTIONS = NO;
				ENABLE_STRICT_OBJC_MSGSEND = YES;
				GCC_C_LANGUAGE_STANDARD = gnu99;
				GCC_NO_COMMON_BLOCKS = YES;
				GCC_WARN_64_TO_32_BIT_CONVERSION = YES;
				GCC_WARN_ABOUT_RETURN_TYPE = YES_ERROR;
				GCC_WARN_UNDECLARED_SELECTOR = YES;
				GCC_WARN_UNINITIALIZED_AUTOS = YES_AGGRESSIVE;
				GCC_WARN_UNUSED_FUNCTION = YES;
				GCC_WARN_UNUSED_VARIABLE = YES;
				IPHONEOS_DEPLOYMENT_TARGET = 10.0;
				MTL_ENABLE_DEBUG_INFO = NO;
				SDKROOT = iphoneos;
				SWIFT_OPTIMIZATION_LEVEL = "-Owholemodule";
				VALIDATE_PRODUCT = YES;
			};
			name = Release;
		};
		22C896741D41D2790092F652 /* Debug */ = {
			isa = XCBuildConfiguration;
			buildSettings = {
				ASSETCATALOG_COMPILER_APPICON_NAME = AppIcon;
				INFOPLIST_FILE = superCool/Info.plist;
				LD_RUNPATH_SEARCH_PATHS = "$(inherited) @executable_path/Frameworks";
				PRODUCT_BUNDLE_IDENTIFIER = com.bronzev.superCool;
				PRODUCT_NAME = "$(TARGET_NAME)";
				SWIFT_VERSION = 3.0;
			};
			name = Debug;
		};
		22C896751D41D2790092F652 /* Release */ = {
			isa = XCBuildConfiguration;
			buildSettings = {
				ASSETCATALOG_COMPILER_APPICON_NAME = AppIcon;
				INFOPLIST_FILE = superCool/Info.plist;
				LD_RUNPATH_SEARCH_PATHS = "$(inherited) @executable_path/Frameworks";
				PRODUCT_BUNDLE_IDENTIFIER = com.bronzev.superCool;
				PRODUCT_NAME = "$(TARGET_NAME)";
				SWIFT_VERSION = 3.0;
			};
			name = Release;
		};
/* End XCBuildConfiguration section */

/* Begin XCConfigurationList section */
		22C8965C1D41D2790092F652 /* Build configuration list for PBXProject "superCool" */ = {
			isa = XCConfigurationList;
			buildConfigurations = (
				22C896711D41D2790092F652 /* Debug */,
				22C896721D41D2790092F652 /* Release */,
			);
			defaultConfigurationIsVisible = 0;
			defaultConfigurationName = Release;
		};
		22C896731D41D2790092F652 /* Build configuration list for PBXNativeTarget "superCool" */ = {
			isa = XCConfigurationList;
			buildConfigurations = (
				22C896741D41D2790092F652 /* Debug */,
				22C896751D41D2790092F652 /* Release */,
			);
			defaultConfigurationIsVisible = 0;
		};
/* End XCConfigurationList section */
	};
	rootObject = 22C896591D41D2790092F652 /* Project object */;
}
